
Microsoft Visual Studio Solution File, Format Version 12.00
# Visual Studio Version 17
VisualStudioVersion = 17.5.002.0
MinimumVisualStudioVersion = 10.0.40219.1
Project("{2150E333-8FDC-42A3-9474-1A3956D46DE8}") = "sandbox", "sandbox", "{9060FB5D-CD05-4D5F-9DF1-FDDA13289285}"
EndProject
Project("{9A19103F-16F7-4668-BE54-9A1E7A4F7556}") = "sandbox_project", "sandbox\sandbox_project\sandbox_project.csproj", "{0A25E7ED-DD48-4060-B7EC-2E71B1AD22A2}"
EndProject
Project("{2150E333-8FDC-42A3-9474-1A3956D46DE8}") = "week01", "week01", "{0DBC9D20-702D-49C1-9C31-A05B273934AF}"
EndProject
Project("{9A19103F-16F7-4668-BE54-9A1E7A4F7556}") = "analyze", "week01\analyze\analyze.csproj", "{A2A890DC-9FB8-4310-9FB1-DC75C7897D5E}"
EndProject
Project("{9A19103F-16F7-4668-BE54-9A1E7A4F7556}") = "code", "week01\code\code.csproj", "{5ABC5335-A6CA-49CE-978B-0366225F6331}"
EndProject
Project("{9A19103F-16F7-4668-BE54-9A1E7A4F7556}") = "teach", "week01\teach\teach.csproj", "{DA80D6D8-312D-4CED-8477-36F1550F984D}"
EndProject
Project("{2150E333-8FDC-42A3-9474-1A3956D46DE8}") = "week02", "week02", "{02B667CA-BC92-4587-A2AB-BF8361D7F1E1}"
EndProject
Project("{9A19103F-16F7-4668-BE54-9A1E7A4F7556}") = "analyze", "week02\analyze\analyze.csproj", "{3545D9D8-A8BA-44B3-A6F1-8333BF5610B9}"
EndProject
Project("{9A19103F-16F7-4668-BE54-9A1E7A4F7556}") = "code", "week02\code\code.csproj", "{B7DB39AE-D5FB-49D5-BE46-9D6AE27D9F34}"
EndProject
Project("{9A19103F-16F7-4668-BE54-9A1E7A4F7556}") = "learn", "week02\learn\learn.csproj", "{F2762499-04B8-4625-9107-6A15403AF65F}"
EndProject
Project("{9A19103F-16F7-4668-BE54-9A1E7A4F7556}") = "teach", "week02\teach\teach.csproj", "{DC6E7DB4-244A-4024-851E-69B61AD9875E}"
EndProject
Project("{2150E333-8FDC-42A3-9474-1A3956D46DE8}") = "week03", "week03", "{1F8ADE60-CDB2-44FE-8804-98460651E896}"
EndProject
Project("{9A19103F-16F7-4668-BE54-9A1E7A4F7556}") = "code", "week03\code\code.csproj", "{BF4E118D-67FA-4771-A741-942953BFE08F}"
EndProject
Project("{9A19103F-16F7-4668-BE54-9A1E7A4F7556}") = "learn", "week03\learn\learn.csproj", "{4778166D-4F7F-4662-B20B-A851CC6CDDCE}"
EndProject
Project("{9A19103F-16F7-4668-BE54-9A1E7A4F7556}") = "teach", "week03\teach\teach.csproj", "{62E51B34-CD60-487F-9A93-27852D519546}"
EndProject
Project("{2150E333-8FDC-42A3-9474-1A3956D46DE8}") = "week04", "week04", "{92BD9A12-641D-4A71-853F-636AA50AC35A}"
EndProject
Project("{9A19103F-16F7-4668-BE54-9A1E7A4F7556}") = "code", "week04\code\code.csproj", "{5CED9775-9999-42A7-B7F5-29406327933A}"
EndProject
Project("{2150E333-8FDC-42A3-9474-1A3956D46DE8}") = "week05", "week05", "{349EC829-11D5-473E-9FA8-2D418FE2F8B4}"
EndProject
Project("{9A19103F-16F7-4668-BE54-9A1E7A4F7556}") = "code", "week05\code\code.csproj", "{F96534FA-1D2A-41ED-8834-7292912D35F1}"
EndProject
Project("{2150E333-8FDC-42A3-9474-1A3956D46DE8}") = "week06", "week06", "{4AE92715-BC56-4630-9B1B-4A29BAF6DDC2}"
EndProject
Project("{9A19103F-16F7-4668-BE54-9A1E7A4F7556}") = "code", "week06\code\code.csproj", "{E436926D-CCBC-479A-94F4-3BBAF189816B}"
EndProject
Global
	GlobalSection(SolutionConfigurationPlatforms) = preSolution
		Debug|Any CPU = Debug|Any CPU
		Release|Any CPU = Release|Any CPU
	EndGlobalSection
	GlobalSection(ProjectConfigurationPlatforms) = postSolution
		{0A25E7ED-DD48-4060-B7EC-2E71B1AD22A2}.Debug|Any CPU.ActiveCfg = Debug|Any CPU
		{0A25E7ED-DD48-4060-B7EC-2E71B1AD22A2}.Debug|Any CPU.Build.0 = Debug|Any CPU
		{0A25E7ED-DD48-4060-B7EC-2E71B1AD22A2}.Release|Any CPU.ActiveCfg = Release|Any CPU
		{0A25E7ED-DD48-4060-B7EC-2E71B1AD22A2}.Release|Any CPU.Build.0 = Release|Any CPU
		{A2A890DC-9FB8-4310-9FB1-DC75C7897D5E}.Debug|Any CPU.ActiveCfg = Debug|Any CPU
		{A2A890DC-9FB8-4310-9FB1-DC75C7897D5E}.Debug|Any CPU.Build.0 = Debug|Any CPU
		{A2A890DC-9FB8-4310-9FB1-DC75C7897D5E}.Release|Any CPU.ActiveCfg = Release|Any CPU
		{A2A890DC-9FB8-4310-9FB1-DC75C7897D5E}.Release|Any CPU.Build.0 = Release|Any CPU
		{5ABC5335-A6CA-49CE-978B-0366225F6331}.Debug|Any CPU.ActiveCfg = Debug|Any CPU
		{5ABC5335-A6CA-49CE-978B-0366225F6331}.Debug|Any CPU.Build.0 = Debug|Any CPU
		{5ABC5335-A6CA-49CE-978B-0366225F6331}.Release|Any CPU.ActiveCfg = Release|Any CPU
		{5ABC5335-A6CA-49CE-978B-0366225F6331}.Release|Any CPU.Build.0 = Release|Any CPU
		{DA80D6D8-312D-4CED-8477-36F1550F984D}.Debug|Any CPU.ActiveCfg = Debug|Any CPU
		{DA80D6D8-312D-4CED-8477-36F1550F984D}.Debug|Any CPU.Build.0 = Debug|Any CPU
		{DA80D6D8-312D-4CED-8477-36F1550F984D}.Release|Any CPU.ActiveCfg = Release|Any CPU
		{DA80D6D8-312D-4CED-8477-36F1550F984D}.Release|Any CPU.Build.0 = Release|Any CPU
		{3545D9D8-A8BA-44B3-A6F1-8333BF5610B9}.Debug|Any CPU.ActiveCfg = Debug|Any CPU
		{3545D9D8-A8BA-44B3-A6F1-8333BF5610B9}.Debug|Any CPU.Build.0 = Debug|Any CPU
		{3545D9D8-A8BA-44B3-A6F1-8333BF5610B9}.Release|Any CPU.ActiveCfg = Release|Any CPU
		{3545D9D8-A8BA-44B3-A6F1-8333BF5610B9}.Release|Any CPU.Build.0 = Release|Any CPU
		{B7DB39AE-D5FB-49D5-BE46-9D6AE27D9F34}.Debug|Any CPU.ActiveCfg = Debug|Any CPU
		{B7DB39AE-D5FB-49D5-BE46-9D6AE27D9F34}.Debug|Any CPU.Build.0 = Debug|Any CPU
		{B7DB39AE-D5FB-49D5-BE46-9D6AE27D9F34}.Release|Any CPU.ActiveCfg = Release|Any CPU
		{B7DB39AE-D5FB-49D5-BE46-9D6AE27D9F34}.Release|Any CPU.Build.0 = Release|Any CPU
		{F2762499-04B8-4625-9107-6A15403AF65F}.Debug|Any CPU.ActiveCfg = Debug|Any CPU
		{F2762499-04B8-4625-9107-6A15403AF65F}.Debug|Any CPU.Build.0 = Debug|Any CPU
		{F2762499-04B8-4625-9107-6A15403AF65F}.Release|Any CPU.ActiveCfg = Release|Any CPU
		{F2762499-04B8-4625-9107-6A15403AF65F}.Release|Any CPU.Build.0 = Release|Any CPU
		{DC6E7DB4-244A-4024-851E-69B61AD9875E}.Debug|Any CPU.ActiveCfg = Debug|Any CPU
		{DC6E7DB4-244A-4024-851E-69B61AD9875E}.Debug|Any CPU.Build.0 = Debug|Any CPU
		{DC6E7DB4-244A-4024-851E-69B61AD9875E}.Release|Any CPU.ActiveCfg = Release|Any CPU
		{DC6E7DB4-244A-4024-851E-69B61AD9875E}.Release|Any CPU.Build.0 = Release|Any CPU
		{BF4E118D-67FA-4771-A741-942953BFE08F}.Debug|Any CPU.ActiveCfg = Debug|Any CPU
		{BF4E118D-67FA-4771-A741-942953BFE08F}.Debug|Any CPU.Build.0 = Debug|Any CPU
		{BF4E118D-67FA-4771-A741-942953BFE08F}.Release|Any CPU.ActiveCfg = Release|Any CPU
		{BF4E118D-67FA-4771-A741-942953BFE08F}.Release|Any CPU.Build.0 = Release|Any CPU
		{4778166D-4F7F-4662-B20B-A851CC6CDDCE}.Debug|Any CPU.ActiveCfg = Debug|Any CPU
		{4778166D-4F7F-4662-B20B-A851CC6CDDCE}.Debug|Any CPU.Build.0 = Debug|Any CPU
		{4778166D-4F7F-4662-B20B-A851CC6CDDCE}.Release|Any CPU.ActiveCfg = Release|Any CPU
		{4778166D-4F7F-4662-B20B-A851CC6CDDCE}.Release|Any CPU.Build.0 = Release|Any CPU
		{62E51B34-CD60-487F-9A93-27852D519546}.Debug|Any CPU.ActiveCfg = Debug|Any CPU
		{62E51B34-CD60-487F-9A93-27852D519546}.Debug|Any CPU.Build.0 = Debug|Any CPU
		{62E51B34-CD60-487F-9A93-27852D519546}.Release|Any CPU.ActiveCfg = Release|Any CPU
		{62E51B34-CD60-487F-9A93-27852D519546}.Release|Any CPU.Build.0 = Release|Any CPU
		{5CED9775-9999-42A7-B7F5-29406327933A}.Debug|Any CPU.ActiveCfg = Debug|Any CPU
		{5CED9775-9999-42A7-B7F5-29406327933A}.Debug|Any CPU.Build.0 = Debug|Any CPU
		{5CED9775-9999-42A7-B7F5-29406327933A}.Release|Any CPU.ActiveCfg = Release|Any CPU
		{5CED9775-9999-42A7-B7F5-29406327933A}.Release|Any CPU.Build.0 = Release|Any CPU
		{F96534FA-1D2A-41ED-8834-7292912D35F1}.Debug|Any CPU.ActiveCfg = Debug|Any CPU
		{F96534FA-1D2A-41ED-8834-7292912D35F1}.Debug|Any CPU.Build.0 = Debug|Any CPU
		{F96534FA-1D2A-41ED-8834-7292912D35F1}.Release|Any CPU.ActiveCfg = Release|Any CPU
		{F96534FA-1D2A-41ED-8834-7292912D35F1}.Release|Any CPU.Build.0 = Release|Any CPU
		{E436926D-CCBC-479A-94F4-3BBAF189816B}.Debug|Any CPU.ActiveCfg = Debug|Any CPU
		{E436926D-CCBC-479A-94F4-3BBAF189816B}.Debug|Any CPU.Build.0 = Debug|Any CPU
		{E436926D-CCBC-479A-94F4-3BBAF189816B}.Release|Any CPU.ActiveCfg = Release|Any CPU
		{E436926D-CCBC-479A-94F4-3BBAF189816B}.Release|Any CPU.Build.0 = Release|Any CPU
	EndGlobalSection
	GlobalSection(SolutionProperties) = preSolution
		HideSolutionNode = FALSE
	EndGlobalSection
	GlobalSection(NestedProjects) = preSolution
		{0A25E7ED-DD48-4060-B7EC-2E71B1AD22A2} = {9060FB5D-CD05-4D5F-9DF1-FDDA13289285}
		{A2A890DC-9FB8-4310-9FB1-DC75C7897D5E} = {0DBC9D20-702D-49C1-9C31-A05B273934AF}
		{5ABC5335-A6CA-49CE-978B-0366225F6331} = {0DBC9D20-702D-49C1-9C31-A05B273934AF}
		{DA80D6D8-312D-4CED-8477-36F1550F984D} = {0DBC9D20-702D-49C1-9C31-A05B273934AF}
		{3545D9D8-A8BA-44B3-A6F1-8333BF5610B9} = {02B667CA-BC92-4587-A2AB-BF8361D7F1E1}
		{B7DB39AE-D5FB-49D5-BE46-9D6AE27D9F34} = {02B667CA-BC92-4587-A2AB-BF8361D7F1E1}
		{F2762499-04B8-4625-9107-6A15403AF65F} = {02B667CA-BC92-4587-A2AB-BF8361D7F1E1}
		{DC6E7DB4-244A-4024-851E-69B61AD9875E} = {02B667CA-BC92-4587-A2AB-BF8361D7F1E1}
		{BF4E118D-67FA-4771-A741-942953BFE08F} = {1F8ADE60-CDB2-44FE-8804-98460651E896}
		{4778166D-4F7F-4662-B20B-A851CC6CDDCE} = {1F8ADE60-CDB2-44FE-8804-98460651E896}
		{62E51B34-CD60-487F-9A93-27852D519546} = {1F8ADE60-CDB2-44FE-8804-98460651E896}
		{5CED9775-9999-42A7-B7F5-29406327933A} = {92BD9A12-641D-4A71-853F-636AA50AC35A}
		{F96534FA-1D2A-41ED-8834-7292912D35F1} = {349EC829-11D5-473E-9FA8-2D418FE2F8B4}
		{E436926D-CCBC-479A-94F4-3BBAF189816B} = {4AE92715-BC56-4630-9B1B-4A29BAF6DDC2}
	EndGlobalSection
	GlobalSection(ExtensibilityGlobals) = postSolution
		SolutionGuid = {0FC9B48B-D3DD-4085-8AF6-EB5D4897C4FE}
	EndGlobalSection
EndGlobal
